
Microsoft Visual Studio Solution File, Format Version 12.00
# Visual Studio 14
VisualStudioVersion = 14.0.25420.1
MinimumVisualStudioVersion = 10.0.40219.1
Project("{FAE04EC0-301F-11D3-BF4B-00C04F79EFBC}") = "encrypt_IT", "encrypt_IT\encrypt_IT.csproj", "{00DA9AC9-7293-4CEC-ADEF-629001498F60}"
EndProject
Project("{FAE04EC0-301F-11D3-BF4B-00C04F79EFBC}") = "Encrypt_itTest", "Encrypt_itTest\Encrypt_itTest.csproj", "{8B6047D9-7338-43BC-896E-B857A23E7ABB}"
EndProject
Global
	GlobalSection(SolutionConfigurationPlatforms) = preSolution
		Debug|Any CPU = Debug|Any CPU
		Release|Any CPU = Release|Any CPU
	EndGlobalSection
	GlobalSection(ProjectConfigurationPlatforms) = postSolution
		{00DA9AC9-7293-4CEC-ADEF-629001498F60}.Debug|Any CPU.ActiveCfg = Debug|Any CPU
		{00DA9AC9-7293-4CEC-ADEF-629001498F60}.Debug|Any CPU.Build.0 = Debug|Any CPU
		{00DA9AC9-7293-4CEC-ADEF-629001498F60}.Release|Any CPU.ActiveCfg = Release|Any CPU
		{00DA9AC9-7293-4CEC-ADEF-629001498F60}.Release|Any CPU.Build.0 = Release|Any CPU
		{8B6047D9-7338-43BC-896E-B857A23E7ABB}.Debug|Any CPU.ActiveCfg = Debug|Any CPU
		{8B6047D9-7338-43BC-896E-B857A23E7ABB}.Debug|Any CPU.Build.0 = Debug|Any CPU
		{8B6047D9-7338-43BC-896E-B857A23E7ABB}.Release|Any CPU.ActiveCfg = Release|Any CPU
		{8B6047D9-7338-43BC-896E-B857A23E7ABB}.Release|Any CPU.Build.0 = Release|Any CPU
	EndGlobalSection
	GlobalSection(SolutionProperties) = preSolution
		HideSolutionNode = FALSE
	EndGlobalSection
EndGlobal
